// !$*UTF8*$!
{
	archiveVersion = 1;
	classes = {
	};
	objectVersion = 46;
	objects = {

/* Begin PBXBuildFile section */
		F0AD37991E88FE59000D9358 /* AppDelegate.swift in Sources */ = {isa = PBXBuildFile; fileRef = F0AD37981E88FE59000D9358 /* AppDelegate.swift */; };
		F0AD379B1E88FE59000D9358 /* ViewController.swift in Sources */ = {isa = PBXBuildFile; fileRef = F0AD379A1E88FE59000D9358 /* ViewController.swift */; };
		F0AD379E1E88FE59000D9358 /* Main.storyboard in Resources */ = {isa = PBXBuildFile; fileRef = F0AD379C1E88FE59000D9358 /* Main.storyboard */; };
		F0AD37A01E88FE59000D9358 /* Assets.xcassets in Resources */ = {isa = PBXBuildFile; fileRef = F0AD379F1E88FE59000D9358 /* Assets.xcassets */; };
		F0AD37A31E88FE59000D9358 /* LaunchScreen.storyboard in Resources */ = {isa = PBXBuildFile; fileRef = F0AD37A11E88FE59000D9358 /* LaunchScreen.storyboard */; };
/* End PBXBuildFile section */

/* Begin PBXFileReference section */
		F0AD37951E88FE59000D9358 /* GuardDemo.app */ = {isa = PBXFileReference; explicitFileType = wrapper.application; includeInIndex = 0; path = GuardDemo.app; sourceTree = BUILT_PRODUCTS_DIR; };
		F0AD37981E88FE59000D9358 /* AppDelegate.swift */ = {isa = PBXFileReference; lastKnownFileType = sourcecode.swift; path = AppDelegate.swift; sourceTree = "<group>"; };
		F0AD379A1E88FE59000D9358 /* ViewController.swift */ = {isa = PBXFileReference; lastKnownFileType = sourcecode.swift; path = ViewController.swift; sourceTree = "<group>"; };
		F0AD379D1E88FE59000D9358 /* Base */ = {isa = PBXFileReference; lastKnownFileType = file.storyboard; name = Base; path = Base.lproj/Main.storyboard; sourceTree = "<group>"; };
		F0AD379F1E88FE59000D9358 /* Assets.xcassets */ = {isa = PBXFileReference; lastKnownFileType = folder.assetcatalog; path = Assets.xcassets; sourceTree = "<group>"; };
		F0AD37A21E88FE59000D9358 /* Base */ = {isa = PBXFileReference; lastKnownFileType = file.storyboard; name = Base; path = Base.lproj/LaunchScreen.storyboard; sourceTree = "<group>"; };
		F0AD37A41E88FE59000D9358 /* Info.plist */ = {isa = PBXFileReference; lastKnownFileType = text.plist.xml; path = Info.plist; sourceTree = "<group>"; };
/* End PBXFileReference section */

/* Begin PBXFrameworksBuildPhase section */
		F0AD37921E88FE59000D9358 /* Frameworks */ = {
			isa = PBXFrameworksBuildPhase;
			buildActionMask = 2147483647;
			files = (
			);
			runOnlyForDeploymentPostprocessing = 0;
		};
/* End PBXFrameworksBuildPhase section */

/* Begin PBXGroup section */
		F0AD378C1E88FE59000D9358 = {
			isa = PBXGroup;
			children = (
				F0AD37971E88FE59000D9358 /* GuardDemo */,
				F0AD37961E88FE59000D9358 /* Products */,
			);
			sourceTree = "<group>";
		};
		F0AD37961E88FE59000D9358 /* Products */ = {
			isa = PBXGroup;
			children = (
				F0AD37951E88FE59000D9358 /* GuardDemo.app */,
			);
			name = Products;
			sourceTree = "<group>";
		};
		F0AD37971E88FE59000D9358 /* GuardDemo */ = {
			isa = PBXGroup;
			children = (
				F0AD37981E88FE59000D9358 /* AppDelegate.swift */,
				F0AD379A1E88FE59000D9358 /* ViewController.swift */,
				F0AD379C1E88FE59000D9358 /* Main.storyboard */,
				F0AD379F1E88FE59000D9358 /* Assets.xcassets */,
				F0AD37A11E88FE59000D9358 /* LaunchScreen.storyboard */,
				F0AD37A41E88FE59000D9358 /* Info.plist */,
			);
			path = GuardDemo;
			sourceTree = "<group>";
		};
/* End PBXGroup section */

/* Begin PBXNativeTarget section */
		F0AD37941E88FE59000D9358 /* GuardDemo */ = {
			isa = PBXNativeTarget;
			buildConfigurationList = F0AD37A71E88FE59000D9358 /* Build configuration list for PBXNativeTarget "GuardDemo" */;
			buildPhases = (
				F0AD37911E88FE59000D9358 /* Sources */,
				F0AD37921E88FE59000D9358 /* Frameworks */,
				F0AD37931E88FE59000D9358 /* Resources */,
			);
			buildRules = (
			);
			dependencies = (
			);
			name = GuardDemo;
			productName = GuardDemo;
			productReference = F0AD37951E88FE59000D9358 /* GuardDemo.app */;
			productType = "com.apple.product-type.application";
		};
/* End PBXNativeTarget section */

/* Begin PBXProject section */
		F0AD378D1E88FE59000D9358 /* Project object */ = {
			isa = PBXProject;
			attributes = {
				LastSwiftUpdateCheck = 0820;
				LastUpgradeCheck = 0820;
				ORGANIZATIONNAME = "Jony Singla";
				TargetAttributes = {
					F0AD37941E88FE59000D9358 = {
						CreatedOnToolsVersion = 8.2.1;
						ProvisioningStyle = Automatic;
					};
				};
			};
			buildConfigurationList = F0AD37901E88FE59000D9358 /* Build configuration list for PBXProject "GuardDemo" */;
			compatibilityVersion = "Xcode 3.2";
			developmentRegion = English;
			hasScannedForEncodings = 0;
			knownRegions = (
				en,
				Base,
			);
			mainGroup = F0AD378C1E88FE59000D9358;
			productRefGroup = F0AD37961E88FE59000D9358 /* Products */;
			projectDirPath = "";
			projectRoot = "";
			targets = (
				F0AD37941E88FE59000D9358 /* GuardDemo */,
			);
		};
/* End PBXProject section */

/* Begin PBXResourcesBuildPhase section */
		F0AD37931E88FE59000D9358 /* Resources */ = {
			isa = PBXResourcesBuildPhase;
			buildActionMask = 2147483647;
			files = (
				F0AD37A31E88FE59000D9358 /* LaunchScreen.storyboard in Resources */,
				F0AD37A01E88FE59000D9358 /* Assets.xcassets in Resources */,
				F0AD379E1E88FE59000D9358 /* Main.storyboard in Resources */,
			);
			runOnlyForDeploymentPostprocessing = 0;
		};
/* End PBXResourcesBuildPhase section */

/* Begin PBXSourcesBuildPhase section */
		F0AD37911E88FE59000D9358 /* Sources */ = {
			isa = PBXSourcesBuildPhase;
			buildActionMask = 2147483647;
			files = (
				F0AD379B1E88FE59000D9358 /* ViewController.swift in Sources */,
				F0AD37991E88FE59000D9358 /* AppDelegate.swift in Sources */,
			);
			runOnlyForDeploymentPostprocessing = 0;
		};
/* End PBXSourcesBuildPhase section */

/* Begin PBXVariantGroup section */
		F0AD379C1E88FE59000D9358 /* Main.storyboard */ = {
			isa = PBXVariantGroup;
			children = (
				F0AD379D1E88FE59000D9358 /* Base */,
			);
			name = Main.storyboard;
			sourceTree = "<group>";
		};
		F0AD37A11E88FE59000D9358 /* LaunchScreen.storyboard */ = {
			isa = PBXVariantGroup;
			children = (
				F0AD37A21E88FE59000D9358 /* Base */,
			);
			name = LaunchScreen.storyboard;
			sourceTree = "<group>";
		};
/* End PBXVariantGroup section */

/* Begin XCBuildConfiguration section */
		F0AD37A51E88FE59000D9358 /* Debug */ = {
			isa = XCBuildConfiguration;
			buildSettings = {
				ALWAYS_SEARCH_USER_PATHS = NO;
				CLANG_ANALYZER_NONNULL = YES;
				CLANG_CXX_LANGUAGE_STANDARD = "gnu++0x";
				CLANG_CXX_LIBRARY = "libc++";
				CLANG_ENABLE_MODULES = YES;
				CLANG_ENABLE_OBJC_ARC = YES;
				CLANG_WARN_BOOL_CONVERSION = YES;
				CLANG_WARN_CONSTANT_CONVERSION = YES;
				CLANG_WARN_DIRECT_OBJC_ISA_USAGE = YES_ERROR;
				CLANG_WARN_DOCUMENTATION_COMMENTS = YES;
				CLANG_WARN_EMPTY_BODY = YES;
				CLANG_WARN_ENUM_CONVERSION = YES;
				CLANG_WARN_INFINITE_RECURSION = YES;
				CLANG_WARN_INT_CONVERSION = YES;
				CLANG_WARN_OBJC_ROOT_CLASS = YES_ERROR;
				CLANG_WARN_SUSPICIOUS_MOVE = YES;
				CLANG_WARN_UNREACHABLE_CODE = YES;
				CLANG_WARN__DUPLICATE_METHOD_MATCH = YES;
				"CODE_SIGN_IDENTITY[sdk=iphoneos*]" = "iPhone Developer";
				COPY_PHASE_STRIP = NO;
				DEBUG_INFORMATION_FORMAT = dwarf;
				ENABLE_STRICT_OBJC_MSGSEND = YES;
				ENABLE_TESTABILITY = YES;
				GCC_C_LANGUAGE_STANDARD = gnu99;
				GCC_DYNAMIC_NO_PIC = NO;
				GCC_NO_COMMON_BLOCKS = YES;
				GCC_OPTIMIZATION_LEVEL = 0;
				GCC_PREPROCESSOR_DEFINITIONS = (
					"DEBUG=1",
					"$(inherited)",
				);
				GCC_WARN_64_TO_32_BIT_CONVERSION = YES;
				GCC_WARN_ABOUT_RETURN_TYPE = YES_ERROR;
				GCC_WARN_UNDECLARED_SELECTOR = YES;
				GCC_WARN_UNINITIALIZED_AUTOS = YES_AGGRESSIVE;
				GCC_WARN_UNUSED_FUNCTION = YES;
				GCC_WARN_UNUSED_VARIABLE = YES;
				IPHONEOS_DEPLOYMENT_TARGET = 10.2;
				MTL_ENABLE_DEBUG_INFO = YES;
				ONLY_ACTIVE_ARCH = YES;
				SDKROOT = iphoneos;
				SWIFT_ACTIVE_COMPILATION_CONDITIONS = DEBUG;
				SWIFT_OPTIMIZATION_LEVEL = "-Onone";
				TARGETED_DEVICE_FAMILY = "1,2";
			};
			name = Debug;
		};
		F0AD37A61E88FE59000D9358 /* Release */ = {
			isa = XCBuildConfiguration;
			buildSettings = {
				ALWAYS_SEARCH_USER_PATHS = NO;
				CLANG_ANALYZER_NONNULL = YES;
				CLANG_CXX_LANGUAGE_STANDARD = "gnu++0x";
				CLANG_CXX_LIBRARY = "libc++";
				CLANG_ENABLE_MODULES = YES;
				CLANG_ENABLE_OBJC_ARC = YES;
				CLANG_WARN_BOOL_CONVERSION = YES;
				CLANG_WARN_CONSTANT_CONVERSION = YES;
				CLANG_WARN_DIRECT_OBJC_ISA_USAGE = YES_ERROR;
				CLANG_WARN_DOCUMENTATION_COMMENTS = YES;
				CLANG_WARN_EMPTY_BODY = YES;
				CLANG_WARN_ENUM_CONVERSION = YES;
				CLANG_WARN_INFINITE_RECURSION = YES;
				CLANG_WARN_INT_CONVERSION = YES;
				CLANG_WARN_OBJC_ROOT_CLASS = YES_ERROR;
				CLANG_WARN_SUSPICIOUS_MOVE = YES;
				CLANG_WARN_UNREACHABLE_CODE = YES;
				CLANG_WARN__DUPLICATE_METHOD_MATCH = YES;
				"CODE_SIGN_IDENTITY[sdk=iphoneos*]" = "iPhone Developer";
				COPY_PHASE_STRIP = NO;
				DEBUG_INFORMATION_FORMAT = "dwarf-with-dsym";
				ENABLE_NS_ASSERTIONS = NO;
				ENABLE_STRICT_OBJC_MSGSEND = YES;
				GCC_C_LANGUAGE_STANDARD = gnu99;
				GCC_NO_COMMON_BLOCKS = YES;
				GCC_WARN_64_TO_32_BIT_CONVERSION = YES;
				GCC_WARN_ABOUT_RETURN_TYPE = YES_ERROR;
				GCC_WARN_UNDECLARED_SELECTOR = YES;
				GCC_WARN_UNINITIALIZED_AUTOS = YES_AGGRESSIVE;
				GCC_WARN_UNUSED_FUNCTION = YES;
				GCC_WARN_UNUSED_VARIABLE = YES;
				IPHONEOS_DEPLOYMENT_TARGET = 10.2;
				MTL_ENABLE_DEBUG_INFO = NO;
				SDKROOT = iphoneos;
				SWIFT_OPTIMIZATION_LEVEL = "-Owholemodule";
				TARGETED_DEVICE_FAMILY = "1,2";
				VALIDATE_PRODUCT = YES;
			};
			name = Release;
		};
		F0AD37A81E88FE59000D9358 /* Debug */ = {
			isa = XCBuildConfiguration;
			buildSettings = {
				ASSETCATALOG_COMPILER_APPICON_NAME = AppIcon;
				INFOPLIST_FILE = GuardDemo/Info.plist;
				LD_RUNPATH_SEARCH_PATHS = "$(inherited) @executable_path/Frameworks";
				PRODUCT_BUNDLE_IDENTIFIER = yourvoice.GuardDemo;
				PRODUCT_NAME = "$(TARGET_NAME)";
				SWIFT_VERSION = 3.0;
			};
			name = Debug;
		};
		F0AD37A91E88FE59000D9358 /* Release */ = {
			isa = XCBuildConfiguration;
			buildSettings = {
				ASSETCATALOG_COMPILER_APPICON_NAME = AppIcon;
				INFOPLIST_FILE = GuardDemo/Info.plist;
				LD_RUNPATH_SEARCH_PATHS = "$(inherited) @executable_path/Frameworks";
				PRODUCT_BUNDLE_IDENTIFIER = yourvoice.GuardDemo;
				PRODUCT_NAME = "$(TARGET_NAME)";
				SWIFT_VERSION = 3.0;
			};
			name = Release;
		};
/* End XCBuildConfiguration section */

/* Begin XCConfigurationList section */
		F0AD37901E88FE59000D9358 /* Build configuration list for PBXProject "GuardDemo" */ = {
			isa = XCConfigurationList;
			buildConfigurations = (
				F0AD37A51E88FE59000D9358 /* Debug */,
				F0AD37A61E88FE59000D9358 /* Release */,
			);
			defaultConfigurationIsVisible = 0;
			defaultConfigurationName = Release;
		};
		F0AD37A71E88FE59000D9358 /* Build configuration list for PBXNativeTarget "GuardDemo" */ = {
			isa = XCConfigurationList;
			buildConfigurations = (
				F0AD37A81E88FE59000D9358 /* Debug */,
				F0AD37A91E88FE59000D9358 /* Release */,
			);
			defaultConfigurationIsVisible = 0;
		};
/* End XCConfigurationList section */
	};
	rootObject = F0AD378D1E88FE59000D9358 /* Project object */;
}
